<?xml version="1.0" encoding="utf-8"?>
<Project ToolsVersion="4.0" xmlns="http://schemas.microsoft.com/developer/msbuild/2003">
  <ItemGroup>
    <Filter Include="Source Files">
      <UniqueIdentifier>{4FC737F1-C7A5-4376-A066-2A32D752A2FF}</UniqueIdentifier>
      <Extensions>cpp;c;cc;cxx;def;odl;idl;hpj;bat;asm;asmx</Extensions>
    </Filter>
    <Filter Include="Header Files">
      <UniqueIdentifier>{93995380-89BD-4b04-88EB-625FBE52EBFB}</UniqueIdentifier>
      <Extensions>h;hh;hpp;hxx;hm;inl;inc;xsd</Extensions>
    </Filter>
    <Filter Include="Resource Files">
      <UniqueIdentifier>{67DA6AB6-F800-4c08-8B7A-83BB121AAD01}</UniqueIdentifier>
      <Extensions>rc;ico;cur;bmp;dlg;rc2;rct;bin;rgs;gif;jpg;jpeg;jpe;resx;tiff;tif;png;wav</Extensions>
    </Filter>
  </ItemGroup>
  <ItemGroup>
    <ClCompile Include="src\dsmc.cpp">
      <Filter>Source Files</Filter>
    </ClCompile>
    <ClCompile Include="src\main.cpp">
      <Filter>Source Files</Filter>
    </ClCompile>
    <ClCompile Include="src\rungeKutta.cpp">
      <Filter>Source Files</Filter>
    </ClCompile>
  </ItemGroup>
  <ItemGroup>
    <ClInclude Include="include\atom.h">
      <Filter>Header Files</Filter>
    </ClInclude>
    <ClInclude Include="include\dsmc.h">
      <Filter>Header Files</Filter>
    </ClInclude>
    <ClInclude Include="include\log.h">
      <Filter>Header Files</Filter>
    </ClInclude>
    <ClInclude Include="include\potential.h">
      <Filter>Header Files</Filter>
    </ClInclude>
    <ClInclude Include="include\rungeKutta.h">
      <Filter>Header Files</Filter>
    </ClInclude>
    <ClInclude Include="include\vector3d.h">
      <Filter>Header Files</Filter>
    </ClInclude>
    <ClInclude Include="include\potentials\AxiconBox.h">
      <Filter>Header Files</Filter>
    </ClInclude>
    <ClInclude Include="include\potentials\Gaussian.h">
      <Filter>Header Files</Filter>
    </ClInclude>
    <ClInclude Include="include\potentials\Gravity.h">
      <Filter>Header Files</Filter>
    </ClInclude>
    <ClInclude Include="include\potentials\Harmonic.h">
      <Filter>Header Files</Filter>
    </ClInclude>
    <ClInclude Include="include\model-factory.hpp">
      <Filter>Header Files</Filter>
    </ClInclude>
    <ClInclude Include="include\trajectory.hpp">
      <Filter>Header Files</Filter>
    </ClInclude>
    <ClInclude Include="include\argHandler.h">
      <Filter>Header Files</Filter>
    </ClInclude>
    <ClInclude Include="include\active-inactive.hpp">
      <Filter>Header Files</Filter>
    </ClInclude>
  </ItemGroup>
  <ItemGroup>
    <None Include="test\config.json" />
  </ItemGroup>
</Project>